// !$*UTF8*$!
{
	archiveVersion = 1;
	classes = {
	};
	objectVersion = 46;
	objects = {

/* Begin PBXBuildFile section */
		01995B151DB52DF700CA40EA /* AppDelegate.swift in Sources */ = {isa = PBXBuildFile; fileRef = 01995B141DB52DF700CA40EA /* AppDelegate.swift */; };
		01995B171DB52DF700CA40EA /* ViewController.swift in Sources */ = {isa = PBXBuildFile; fileRef = 01995B161DB52DF700CA40EA /* ViewController.swift */; };
		01995B1A1DB52DF700CA40EA /* Main.storyboard in Resources */ = {isa = PBXBuildFile; fileRef = 01995B181DB52DF700CA40EA /* Main.storyboard */; };
		01995B1C1DB52DF700CA40EA /* Assets.xcassets in Resources */ = {isa = PBXBuildFile; fileRef = 01995B1B1DB52DF700CA40EA /* Assets.xcassets */; };
		01995B1F1DB52DF700CA40EA /* LaunchScreen.storyboard in Resources */ = {isa = PBXBuildFile; fileRef = 01995B1D1DB52DF700CA40EA /* LaunchScreen.storyboard */; };
/* End PBXBuildFile section */

/* Begin PBXFileReference section */
		01995B111DB52DF700CA40EA /* StackvewHiding.app */ = {isa = PBXFileReference; explicitFileType = wrapper.application; includeInIndex = 0; path = StackvewHiding.app; sourceTree = BUILT_PRODUCTS_DIR; };
		01995B141DB52DF700CA40EA /* AppDelegate.swift */ = {isa = PBXFileReference; lastKnownFileType = sourcecode.swift; path = AppDelegate.swift; sourceTree = "<group>"; };
		01995B161DB52DF700CA40EA /* ViewController.swift */ = {isa = PBXFileReference; lastKnownFileType = sourcecode.swift; path = ViewController.swift; sourceTree = "<group>"; };
		01995B191DB52DF700CA40EA /* Base */ = {isa = PBXFileReference; lastKnownFileType = file.storyboard; name = Base; path = Base.lproj/Main.storyboard; sourceTree = "<group>"; };
		01995B1B1DB52DF700CA40EA /* Assets.xcassets */ = {isa = PBXFileReference; lastKnownFileType = folder.assetcatalog; path = Assets.xcassets; sourceTree = "<group>"; };
		01995B1E1DB52DF700CA40EA /* Base */ = {isa = PBXFileReference; lastKnownFileType = file.storyboard; name = Base; path = Base.lproj/LaunchScreen.storyboard; sourceTree = "<group>"; };
		01995B201DB52DF700CA40EA /* Info.plist */ = {isa = PBXFileReference; lastKnownFileType = text.plist.xml; path = Info.plist; sourceTree = "<group>"; };
/* End PBXFileReference section */

/* Begin PBXFrameworksBuildPhase section */
		01995B0E1DB52DF700CA40EA /* Frameworks */ = {
			isa = PBXFrameworksBuildPhase;
			buildActionMask = 2147483647;
			files = (
			);
			runOnlyForDeploymentPostprocessing = 0;
		};
/* End PBXFrameworksBuildPhase section */

/* Begin PBXGroup section */
		01995B081DB52DF700CA40EA = {
			isa = PBXGroup;
			children = (
				01995B131DB52DF700CA40EA /* StackvewHiding */,
				01995B121DB52DF700CA40EA /* Products */,
			);
			sourceTree = "<group>";
		};
		01995B121DB52DF700CA40EA /* Products */ = {
			isa = PBXGroup;
			children = (
				01995B111DB52DF700CA40EA /* StackvewHiding.app */,
			);
			name = Products;
			sourceTree = "<group>";
		};
		01995B131DB52DF700CA40EA /* StackvewHiding */ = {
			isa = PBXGroup;
			children = (
				01995B141DB52DF700CA40EA /* AppDelegate.swift */,
				01995B161DB52DF700CA40EA /* ViewController.swift */,
				01995B181DB52DF700CA40EA /* Main.storyboard */,
				01995B1B1DB52DF700CA40EA /* Assets.xcassets */,
				01995B1D1DB52DF700CA40EA /* LaunchScreen.storyboard */,
				01995B201DB52DF700CA40EA /* Info.plist */,
			);
			path = StackvewHiding;
			sourceTree = "<group>";
		};
/* End PBXGroup section */

/* Begin PBXNativeTarget section */
		01995B101DB52DF700CA40EA /* StackvewHiding */ = {
			isa = PBXNativeTarget;
			buildConfigurationList = 01995B231DB52DF700CA40EA /* Build configuration list for PBXNativeTarget "StackvewHiding" */;
			buildPhases = (
				01995B0D1DB52DF700CA40EA /* Sources */,
				01995B0E1DB52DF700CA40EA /* Frameworks */,
				01995B0F1DB52DF700CA40EA /* Resources */,
			);
			buildRules = (
			);
			dependencies = (
			);
			name = StackvewHiding;
			productName = StackvewHiding;
			productReference = 01995B111DB52DF700CA40EA /* StackvewHiding.app */;
			productType = "com.apple.product-type.application";
		};
/* End PBXNativeTarget section */

/* Begin PBXProject section */
		01995B091DB52DF700CA40EA /* Project object */ = {
			isa = PBXProject;
			attributes = {
				LastSwiftUpdateCheck = 0800;
				LastUpgradeCheck = 0800;
				ORGANIZATIONNAME = "W.S. van Arkel jr.";
				TargetAttributes = {
					01995B101DB52DF700CA40EA = {
						CreatedOnToolsVersion = 8.0;
						DevelopmentTeam = QUF74GRPF3;
						ProvisioningStyle = Automatic;
					};
				};
			};
			buildConfigurationList = 01995B0C1DB52DF700CA40EA /* Build configuration list for PBXProject "StackvewHiding" */;
			compatibilityVersion = "Xcode 3.2";
			developmentRegion = English;
			hasScannedForEncodings = 0;
			knownRegions = (
				en,
				Base,
			);
			mainGroup = 01995B081DB52DF700CA40EA;
			productRefGroup = 01995B121DB52DF700CA40EA /* Products */;
			projectDirPath = "";
			projectRoot = "";
			targets = (
				01995B101DB52DF700CA40EA /* StackvewHiding */,
			);
		};
/* End PBXProject section */

/* Begin PBXResourcesBuildPhase section */
		01995B0F1DB52DF700CA40EA /* Resources */ = {
			isa = PBXResourcesBuildPhase;
			buildActionMask = 2147483647;
			files = (
				01995B1F1DB52DF700CA40EA /* LaunchScreen.storyboard in Resources */,
				01995B1C1DB52DF700CA40EA /* Assets.xcassets in Resources */,
				01995B1A1DB52DF700CA40EA /* Main.storyboard in Resources */,
			);
			runOnlyForDeploymentPostprocessing = 0;
		};
/* End PBXResourcesBuildPhase section */

/* Begin PBXSourcesBuildPhase section */
		01995B0D1DB52DF700CA40EA /* Sources */ = {
			isa = PBXSourcesBuildPhase;
			buildActionMask = 2147483647;
			files = (
				01995B171DB52DF700CA40EA /* ViewController.swift in Sources */,
				01995B151DB52DF700CA40EA /* AppDelegate.swift in Sources */,
			);
			runOnlyForDeploymentPostprocessing = 0;
		};
/* End PBXSourcesBuildPhase section */

/* Begin PBXVariantGroup section */
		01995B181DB52DF700CA40EA /* Main.storyboard */ = {
			isa = PBXVariantGroup;
			children = (
				01995B191DB52DF700CA40EA /* Base */,
			);
			name = Main.storyboard;
			sourceTree = "<group>";
		};
		01995B1D1DB52DF700CA40EA /* LaunchScreen.storyboard */ = {
			isa = PBXVariantGroup;
			children = (
				01995B1E1DB52DF700CA40EA /* Base */,
			);
			name = LaunchScreen.storyboard;
			sourceTree = "<group>";
		};
/* End PBXVariantGroup section */

/* Begin XCBuildConfiguration section */
		01995B211DB52DF700CA40EA /* Debug */ = {
			isa = XCBuildConfiguration;
			buildSettings = {
				ALWAYS_SEARCH_USER_PATHS = NO;
				CLANG_ANALYZER_NONNULL = YES;
				CLANG_CXX_LANGUAGE_STANDARD = "gnu++0x";
				CLANG_CXX_LIBRARY = "libc++";
				CLANG_ENABLE_MODULES = YES;
				CLANG_ENABLE_OBJC_ARC = YES;
				CLANG_WARN_BOOL_CONVERSION = YES;
				CLANG_WARN_CONSTANT_CONVERSION = YES;
				CLANG_WARN_DIRECT_OBJC_ISA_USAGE = YES_ERROR;
				CLANG_WARN_DOCUMENTATION_COMMENTS = YES;
				CLANG_WARN_EMPTY_BODY = YES;
				CLANG_WARN_ENUM_CONVERSION = YES;
				CLANG_WARN_INFINITE_RECURSION = YES;
				CLANG_WARN_INT_CONVERSION = YES;
				CLANG_WARN_OBJC_ROOT_CLASS = YES_ERROR;
				CLANG_WARN_SUSPICIOUS_MOVES = YES;
				CLANG_WARN_UNREACHABLE_CODE = YES;
				CLANG_WARN__DUPLICATE_METHOD_MATCH = YES;
				"CODE_SIGN_IDENTITY[sdk=iphoneos*]" = "iPhone Developer";
				COPY_PHASE_STRIP = NO;
				DEBUG_INFORMATION_FORMAT = dwarf;
				ENABLE_STRICT_OBJC_MSGSEND = YES;
				ENABLE_TESTABILITY = YES;
				GCC_C_LANGUAGE_STANDARD = gnu99;
				GCC_DYNAMIC_NO_PIC = NO;
				GCC_NO_COMMON_BLOCKS = YES;
				GCC_OPTIMIZATION_LEVEL = 0;
				GCC_PREPROCESSOR_DEFINITIONS = (
					"DEBUG=1",
					"$(inherited)",
				);
				GCC_WARN_64_TO_32_BIT_CONVERSION = YES;
				GCC_WARN_ABOUT_RETURN_TYPE = YES_ERROR;
				GCC_WARN_UNDECLARED_SELECTOR = YES;
				GCC_WARN_UNINITIALIZED_AUTOS = YES_AGGRESSIVE;
				GCC_WARN_UNUSED_FUNCTION = YES;
				GCC_WARN_UNUSED_VARIABLE = YES;
				IPHONEOS_DEPLOYMENT_TARGET = 10.0;
				MTL_ENABLE_DEBUG_INFO = YES;
				ONLY_ACTIVE_ARCH = YES;
				SDKROOT = iphoneos;
				SWIFT_ACTIVE_COMPILATION_CONDITIONS = DEBUG;
				SWIFT_OPTIMIZATION_LEVEL = "-Onone";
				TARGETED_DEVICE_FAMILY = "1,2";
			};
			name = Debug;
		};
		01995B221DB52DF700CA40EA /* Release */ = {
			isa = XCBuildConfiguration;
			buildSettings = {
				ALWAYS_SEARCH_USER_PATHS = NO;
				CLANG_ANALYZER_NONNULL = YES;
				CLANG_CXX_LANGUAGE_STANDARD = "gnu++0x";
				CLANG_CXX_LIBRARY = "libc++";
				CLANG_ENABLE_MODULES = YES;
				CLANG_ENABLE_OBJC_ARC = YES;
				CLANG_WARN_BOOL_CONVERSION = YES;
				CLANG_WARN_CONSTANT_CONVERSION = YES;
				CLANG_WARN_DIRECT_OBJC_ISA_USAGE = YES_ERROR;
				CLANG_WARN_DOCUMENTATION_COMMENTS = YES;
				CLANG_WARN_EMPTY_BODY = YES;
				CLANG_WARN_ENUM_CONVERSION = YES;
				CLANG_WARN_INFINITE_RECURSION = YES;
				CLANG_WARN_INT_CONVERSION = YES;
				CLANG_WARN_OBJC_ROOT_CLASS = YES_ERROR;
				CLANG_WARN_SUSPICIOUS_MOVES = YES;
				CLANG_WARN_UNREACHABLE_CODE = YES;
				CLANG_WARN__DUPLICATE_METHOD_MATCH = YES;
				"CODE_SIGN_IDENTITY[sdk=iphoneos*]" = "iPhone Developer";
				COPY_PHASE_STRIP = NO;
				DEBUG_INFORMATION_FORMAT = "dwarf-with-dsym";
				ENABLE_NS_ASSERTIONS = NO;
				ENABLE_STRICT_OBJC_MSGSEND = YES;
				GCC_C_LANGUAGE_STANDARD = gnu99;
				GCC_NO_COMMON_BLOCKS = YES;
				GCC_WARN_64_TO_32_BIT_CONVERSION = YES;
				GCC_WARN_ABOUT_RETURN_TYPE = YES_ERROR;
				GCC_WARN_UNDECLARED_SELECTOR = YES;
				GCC_WARN_UNINITIALIZED_AUTOS = YES_AGGRESSIVE;
				GCC_WARN_UNUSED_FUNCTION = YES;
				GCC_WARN_UNUSED_VARIABLE = YES;
				IPHONEOS_DEPLOYMENT_TARGET = 10.0;
				MTL_ENABLE_DEBUG_INFO = NO;
				SDKROOT = iphoneos;
				SWIFT_OPTIMIZATION_LEVEL = "-Owholemodule";
				TARGETED_DEVICE_FAMILY = "1,2";
				VALIDATE_PRODUCT = YES;
			};
			name = Release;
		};
		01995B241DB52DF700CA40EA /* Debug */ = {
			isa = XCBuildConfiguration;
			buildSettings = {
				ASSETCATALOG_COMPILER_APPICON_NAME = AppIcon;
				DEVELOPMENT_TEAM = QUF74GRPF3;
				INFOPLIST_FILE = StackvewHiding/Info.plist;
				LD_RUNPATH_SEARCH_PATHS = "$(inherited) @executable_path/Frameworks";
				PRODUCT_BUNDLE_IDENTIFIER = com.warcode.StackvewHiding;
				PRODUCT_NAME = "$(TARGET_NAME)";
				SWIFT_VERSION = 3.0;
			};
			name = Debug;
		};
		01995B251DB52DF700CA40EA /* Release */ = {
			isa = XCBuildConfiguration;
			buildSettings = {
				ASSETCATALOG_COMPILER_APPICON_NAME = AppIcon;
				DEVELOPMENT_TEAM = QUF74GRPF3;
				INFOPLIST_FILE = StackvewHiding/Info.plist;
				LD_RUNPATH_SEARCH_PATHS = "$(inherited) @executable_path/Frameworks";
				PRODUCT_BUNDLE_IDENTIFIER = com.warcode.StackvewHiding;
				PRODUCT_NAME = "$(TARGET_NAME)";
				SWIFT_VERSION = 3.0;
			};
			name = Release;
		};
/* End XCBuildConfiguration section */

/* Begin XCConfigurationList section */
		01995B0C1DB52DF700CA40EA /* Build configuration list for PBXProject "StackvewHiding" */ = {
			isa = XCConfigurationList;
			buildConfigurations = (
				01995B211DB52DF700CA40EA /* Debug */,
				01995B221DB52DF700CA40EA /* Release */,
			);
			defaultConfigurationIsVisible = 0;
			defaultConfigurationName = Release;
		};
		01995B231DB52DF700CA40EA /* Build configuration list for PBXNativeTarget "StackvewHiding" */ = {
			isa = XCConfigurationList;
			buildConfigurations = (
				01995B241DB52DF700CA40EA /* Debug */,
				01995B251DB52DF700CA40EA /* Release */,
			);
			defaultConfigurationIsVisible = 0;
		};
/* End XCConfigurationList section */
	};
	rootObject = 01995B091DB52DF700CA40EA /* Project object */;
}
